
Microsoft Visual Studio Solution File, Format Version 12.00
# Visual Studio Version 17
VisualStudioVersion = 17.13.35818.85 d17.13
MinimumVisualStudioVersion = 10.0.40219.1
Project("{FAE04EC0-301F-11D3-BF4B-00C04F79EFBC}") = "tp_2211104016", "tp_2211104016\tp_2211104016.csproj", "{69B4E2EF-43FC-4F90-863D-1A896A810339}"
EndProject
Global
	GlobalSection(SolutionConfigurationPlatforms) = preSolution
		Debug|Any CPU = Debug|Any CPU
		Release|Any CPU = Release|Any CPU
	EndGlobalSection
	GlobalSection(ProjectConfigurationPlatforms) = postSolution
		{69B4E2EF-43FC-4F90-863D-1A896A810339}.Debug|Any CPU.ActiveCfg = Debug|Any CPU
		{69B4E2EF-43FC-4F90-863D-1A896A810339}.Debug|Any CPU.Build.0 = Debug|Any CPU
		{69B4E2EF-43FC-4F90-863D-1A896A810339}.Release|Any CPU.ActiveCfg = Release|Any CPU
		{69B4E2EF-43FC-4F90-863D-1A896A810339}.Release|Any CPU.Build.0 = Release|Any CPU
	EndGlobalSection
	GlobalSection(SolutionProperties) = preSolution
		HideSolutionNode = FALSE
	EndGlobalSection
	GlobalSection(ExtensibilityGlobals) = postSolution
		SolutionGuid = {AA1CDC5C-78C8-419B-968B-58DE8764C30C}
	EndGlobalSection
EndGlobal
