
Microsoft Visual Studio Solution File, Format Version 12.00
# Visual Studio Version 17
VisualStudioVersion = 17.13.35818.85 d17.13
MinimumVisualStudioVersion = 10.0.40219.1
Project("{FAE04EC0-301F-11D3-BF4B-00C04F79EFBC}") = "tp", "tp\tp.csproj", "{58048A1A-B6EC-4EC0-AF12-4590EAA4EA7D}"
EndProject
Global
	GlobalSection(SolutionConfigurationPlatforms) = preSolution
		Debug|Any CPU = Debug|Any CPU
		Release|Any CPU = Release|Any CPU
	EndGlobalSection
	GlobalSection(ProjectConfigurationPlatforms) = postSolution
		{58048A1A-B6EC-4EC0-AF12-4590EAA4EA7D}.Debug|Any CPU.ActiveCfg = Debug|Any CPU
		{58048A1A-B6EC-4EC0-AF12-4590EAA4EA7D}.Debug|Any CPU.Build.0 = Debug|Any CPU
		{58048A1A-B6EC-4EC0-AF12-4590EAA4EA7D}.Release|Any CPU.ActiveCfg = Release|Any CPU
		{58048A1A-B6EC-4EC0-AF12-4590EAA4EA7D}.Release|Any CPU.Build.0 = Release|Any CPU
	EndGlobalSection
	GlobalSection(SolutionProperties) = preSolution
		HideSolutionNode = FALSE
	EndGlobalSection
	GlobalSection(ExtensibilityGlobals) = postSolution
		SolutionGuid = {AADA1725-9925-4D8B-9843-7BAB7618E2E5}
	EndGlobalSection
EndGlobal
